
Microsoft Visual Studio Solution File, Format Version 12.00
# Visual Studio 2012
Project("{FAE04EC0-301F-11D3-BF4B-00C04F79EFBC}") = "SpecFlowStarterProject", "SpecFlowStarterProject\SpecFlowStarterProject.csproj", "{4213A3DD-62BA-46C8-9871-BD5D7C40DE51}"
EndProject
Project("{FAE04EC0-301F-11D3-BF4B-00C04F79EFBC}") = "Presentation", "Presentation\Presentation.csproj", "{FEA1BC82-2A81-4C2F-979A-0F982705F6A1}"
EndProject
Project("{2150E333-8FDC-42A3-9474-1A3956D46DE8}") = ".nuget", ".nuget", "{51E00A11-76F0-42F4-9460-258DF78153A7}"
	ProjectSection(SolutionItems) = preProject
		.nuget\packages.config = .nuget\packages.config
	EndProjectSection
EndProject
Global
	GlobalSection(SolutionConfigurationPlatforms) = preSolution
		Debug|Any CPU = Debug|Any CPU
		Release|Any CPU = Release|Any CPU
	EndGlobalSection
	GlobalSection(ProjectConfigurationPlatforms) = postSolution
		{4213A3DD-62BA-46C8-9871-BD5D7C40DE51}.Debug|Any CPU.ActiveCfg = Debug|Any CPU
		{4213A3DD-62BA-46C8-9871-BD5D7C40DE51}.Debug|Any CPU.Build.0 = Debug|Any CPU
		{4213A3DD-62BA-46C8-9871-BD5D7C40DE51}.Release|Any CPU.ActiveCfg = Release|Any CPU
		{4213A3DD-62BA-46C8-9871-BD5D7C40DE51}.Release|Any CPU.Build.0 = Release|Any CPU
		{FEA1BC82-2A81-4C2F-979A-0F982705F6A1}.Debug|Any CPU.ActiveCfg = Debug|Any CPU
		{FEA1BC82-2A81-4C2F-979A-0F982705F6A1}.Debug|Any CPU.Build.0 = Debug|Any CPU
		{FEA1BC82-2A81-4C2F-979A-0F982705F6A1}.Release|Any CPU.ActiveCfg = Release|Any CPU
		{FEA1BC82-2A81-4C2F-979A-0F982705F6A1}.Release|Any CPU.Build.0 = Release|Any CPU
	EndGlobalSection
	GlobalSection(SolutionProperties) = preSolution
		HideSolutionNode = FALSE
	EndGlobalSection
EndGlobal
