
Microsoft Visual Studio Solution File, Format Version 12.00
# Visual Studio 14
VisualStudioVersion = 14.0.24720.0
MinimumVisualStudioVersion = 10.0.40219.1
Project("{FAE04EC0-301F-11D3-BF4B-00C04F79EFBC}") = "graphs-demo.Tests", "graphs-demo.Tests\graphs-demo.Tests.csproj", "{3ECF34C3-BD27-45A2-9EA6-C27252271340}"
EndProject
Project("{FAE04EC0-301F-11D3-BF4B-00C04F79EFBC}") = "graphs-demo", "graphs-demo\graphs-demo.csproj", "{FDAE55C0-C339-4257-8281-A62F7169BC89}"
EndProject
Global
	GlobalSection(SolutionConfigurationPlatforms) = preSolution
		Debug|Any CPU = Debug|Any CPU
		Release|Any CPU = Release|Any CPU
	EndGlobalSection
	GlobalSection(ProjectConfigurationPlatforms) = postSolution
		{3ECF34C3-BD27-45A2-9EA6-C27252271340}.Debug|Any CPU.ActiveCfg = Debug|Any CPU
		{3ECF34C3-BD27-45A2-9EA6-C27252271340}.Debug|Any CPU.Build.0 = Debug|Any CPU
		{3ECF34C3-BD27-45A2-9EA6-C27252271340}.Release|Any CPU.ActiveCfg = Release|Any CPU
		{3ECF34C3-BD27-45A2-9EA6-C27252271340}.Release|Any CPU.Build.0 = Release|Any CPU
		{FDAE55C0-C339-4257-8281-A62F7169BC89}.Debug|Any CPU.ActiveCfg = Debug|Any CPU
		{FDAE55C0-C339-4257-8281-A62F7169BC89}.Debug|Any CPU.Build.0 = Debug|Any CPU
		{FDAE55C0-C339-4257-8281-A62F7169BC89}.Release|Any CPU.ActiveCfg = Release|Any CPU
		{FDAE55C0-C339-4257-8281-A62F7169BC89}.Release|Any CPU.Build.0 = Release|Any CPU
	EndGlobalSection
	GlobalSection(SolutionProperties) = preSolution
		HideSolutionNode = FALSE
	EndGlobalSection
EndGlobal
